
Microsoft Visual Studio Solution File, Format Version 12.00
# Visual Studio Version 17
VisualStudioVersion = 17.5.33424.131
MinimumVisualStudioVersion = 10.0.40219.1
Project("{9A19103F-16F7-4668-BE54-9A1E7A4F7556}") = "GameApp", "GameApp\GameApp.csproj", "{7B642A91-4D40-4992-B5BC-1BD467416200}"
EndProject
Project("{2150E333-8FDC-42A3-9474-1A3956D46DE8}") = "Solution Items", "Solution Items", "{B448CDE0-5140-4952-8FFA-807E68879B6A}"
	ProjectSection(SolutionItems) = preProject
		RankModel.cs = RankModel.cs
	EndProjectSection
EndProject
Global
	GlobalSection(SolutionConfigurationPlatforms) = preSolution
		Debug|Any CPU = Debug|Any CPU
		Release|Any CPU = Release|Any CPU
	EndGlobalSection
	GlobalSection(ProjectConfigurationPlatforms) = postSolution
		{7B642A91-4D40-4992-B5BC-1BD467416200}.Debug|Any CPU.ActiveCfg = Debug|Any CPU
		{7B642A91-4D40-4992-B5BC-1BD467416200}.Debug|Any CPU.Build.0 = Debug|Any CPU
		{7B642A91-4D40-4992-B5BC-1BD467416200}.Release|Any CPU.ActiveCfg = Release|Any CPU
		{7B642A91-4D40-4992-B5BC-1BD467416200}.Release|Any CPU.Build.0 = Release|Any CPU
	EndGlobalSection
	GlobalSection(SolutionProperties) = preSolution
		HideSolutionNode = FALSE
	EndGlobalSection
	GlobalSection(ExtensibilityGlobals) = postSolution
		SolutionGuid = {B5AB6FB5-8EA9-4509-A2DA-C2FF470FCDF1}
	EndGlobalSection
EndGlobal
